lockfileVersion: '9.0'

settings:
  autoInstallPeers: true
  excludeLinksFromLockfile: false

importers:

  .:
    devDependencies:
      '@rasch/reno':
        specifier: ^0.2.1
        version: 0.2.1

packages:

  '@rasch/reno@0.2.1':
    resolution: {integrity: sha512-v0fqY3dEQ7MEBZvqG38OOq2a+TqIAcIEl8mloH6hOE0+9wnVXor2A5NSVCXOUILGVIr9OUmdab72RIzCiwRLDw==}

  github-slugger@2.0.0:
    resolution: {integrity: sha512-IaOQ9puYtjrkq7Y0Ygl9KDZnrf/aiUJYUpVf89y8kyaxbRG7Y1SrX/jaumrv81vc61+kiMempujsM3Yw7w5qcw==}

  marked-gfm-heading-id@4.0.0:
    resolution: {integrity: sha512-p53gp+nBIGeryucXzUFP8w67wtpin68+jOFBPw5m9FUfqx2ngAunO/I6KU6J3Xm3fyuv2JsSDxz0Z+pYVrHrwg==}
    peerDependencies:
      marked: '>=13 <14'

  marked@13.0.2:
    resolution: {integrity: sha512-J6CPjP8pS5sgrRqxVRvkCIkZ6MFdRIjDkwUwgJ9nL2fbmM6qGQeB2C16hi8Cc9BOzj6xXzy0jyi0iPIfnMHYzA==}
    engines: {node: '>= 18'}
    hasBin: true

snapshots:

  '@rasch/reno@0.2.1':
    dependencies:
      marked: 13.0.2
      marked-gfm-heading-id: 4.0.0(marked@13.0.2)

  github-slugger@2.0.0: {}

  marked-gfm-heading-id@4.0.0(marked@13.0.2):
    dependencies:
      github-slugger: 2.0.0
      marked: 13.0.2

  marked@13.0.2: {}
