# THIS IS AN AUTOGENERATED FILE. DO NOT EDIT THIS FILE DIRECTLY.
# yarn lockfile v1


"@fontsource/comic-mono@^4.5.3":
  version "4.5.3"
  resolved "https://registry.yarnpkg.com/@fontsource/comic-mono/-/comic-mono-4.5.3.tgz#74be41d04fe5a828e510f0b45b3236fbb31ffc14"
  integrity sha512-5sQvhqC7zFNwsozVRePHEli1Cy+fDVjeFp3xMmWrNs7uwy6FMkxCdWFnDDoPLvUl3whGaGsywa/FcQMDrcy4+Q==

"@fontsource/special-elite@^4.5.8":
  version "4.5.8"
  resolved "https://registry.yarnpkg.com/@fontsource/special-elite/-/special-elite-4.5.8.tgz#fe0dad0b916816415ece1de5c3e23eb54cd1494d"
  integrity sha512-RGikYgNZUotjuuY1s++F7HMJBq8x9YUhhtmYAYxcJy22+UkHlq8sf3RpRrnXOAIDiYwg26mBmBPADZ58PjR+jw==
